{
  "name": "brain-installer",
  "version": "0.4.0",
  "lockfileVersion": 3,
  "requires": true,
  "packages": {
    "": {
      "name": "brain-installer",
      "version": "0.4.0",
      "bundleDependencies": [
        "@e965/xlsx",
        "fflate",
        "postal-mime",
        "unpdf"
      ],
      "dependencies": {
        "@e965/xlsx": "0.20.3",
        "fflate": "0.8.3",
        "postal-mime": "3.0.0",
        "unpdf": "1.8.1"
      },
      "bin": {
        "brain": "brain.mjs"
      },
      "engines": {
        "node": ">=22"
      }
    },
    "node_modules/@e965/xlsx": {
      "version": "0.20.3",
      "resolved": "https://registry.npmjs.org/@e965/xlsx/-/xlsx-0.20.3.tgz",
      "integrity": "sha512-703RN/3OdsRD5mtse2HBX7Um7xwaP9tlswEG6svOtjqokXoX7rJdQj7DyabD2I+xk22RgaIIU+R6BHgkpZGB/w==",
      "inBundle": true,
      "license": "Apache-2.0",
      "bin": {
        "xlsx": "bin/xlsx.njs"
      },
      "engines": {
        "node": ">=0.8"
      }
    },
    "node_modules/fflate": {
      "version": "0.8.3",
      "resolved": "https://registry.npmjs.org/fflate/-/fflate-0.8.3.tgz",
      "integrity": "sha512-tbZNuJrLwGUp3zshBtdy4W+ORxZuIh8a5ilyIEQDC5rY1f3U20JMry0Ll3WBzU58EZKsEuJFXhb5gwv8CsPvgA==",
      "inBundle": true,
      "license": "MIT"
    },
    "node_modules/postal-mime": {
      "version": "3.0.0",
      "resolved": "https://registry.npmjs.org/postal-mime/-/postal-mime-3.0.0.tgz",
      "integrity": "sha512-Z4a9ar2Bv3YpK3IXag+Yda30k7bMZfpRuUGyqtHnZ2pjHG8Bl62EhZIk4n1dzv00gfzP9g+94e9kd8+XmjVWLA==",
      "inBundle": true,
      "license": "MIT-0"
    },
    "node_modules/unpdf": {
      "version": "1.8.1",
      "resolved": "https://registry.npmjs.org/unpdf/-/unpdf-1.8.1.tgz",
      "integrity": "sha512-xkURhy2SoGpOIH0a1gLHNkASPIQYonadDJs2AQwPEfUakafeD9EA1WTWWsaR++gfTCXJpV27W7tU1nXuk82UKQ==",
      "inBundle": true,
      "license": "MIT",
      "engines": {
        "node": ">=22"
      },
      "peerDependencies": {
        "@napi-rs/canvas": "^0.1.69 || ^1.0.0"
      },
      "peerDependenciesMeta": {
        "@napi-rs/canvas": {
          "optional": true
        }
      }
    }
  }
}
